
Microsoft Visual Studio Solution File, Format Version 12.00
# Visual Studio Version 17
VisualStudioVersion = 17.10.35122.118
MinimumVisualStudioVersion = 10.0.40219.1
Project("{FAE04EC0-301F-11D3-BF4B-00C04F79EFBC}") = "DND TableTop", "DND TableTop\DND TableTop.csproj", "{C2265312-1935-4A82-BCB8-E905B897FB55}"
EndProject
Global
	GlobalSection(SolutionConfigurationPlatforms) = preSolution
		Debug|Any CPU = Debug|Any CPU
		Release|Any CPU = Release|Any CPU
	EndGlobalSection
	GlobalSection(ProjectConfigurationPlatforms) = postSolution
		{C2265312-1935-4A82-BCB8-E905B897FB55}.Debug|Any CPU.ActiveCfg = Debug|Any CPU
		{C2265312-1935-4A82-BCB8-E905B897FB55}.Debug|Any CPU.Build.0 = Debug|Any CPU
		{C2265312-1935-4A82-BCB8-E905B897FB55}.Release|Any CPU.ActiveCfg = Release|Any CPU
		{C2265312-1935-4A82-BCB8-E905B897FB55}.Release|Any CPU.Build.0 = Release|Any CPU
	EndGlobalSection
	GlobalSection(SolutionProperties) = preSolution
		HideSolutionNode = FALSE
	EndGlobalSection
	GlobalSection(ExtensibilityGlobals) = postSolution
		SolutionGuid = {2E6FD7D6-C5F1-498A-93DA-410DAE20B8B8}
	EndGlobalSection
EndGlobal
